
Microsoft Visual Studio Solution File, Format Version 12.00
# Visual Studio 15
VisualStudioVersion = 15.0.26124.0
MinimumVisualStudioVersion = 15.0.26124.0
Project("{2150E333-8FDC-42A3-9474-1A3956D46DE8}") = "src", "src", "{C908C8F1-C5D6-435D-A085-D53331837D51}"
EndProject
Project("{F2A71F9B-5D33-465A-A702-920D77279786}") = "Common", "src\Common\Common.fsproj", "{C16D82AD-D98E-46C1-8CF4-EABE37FA5C0B}"
EndProject
Project("{F2A71F9B-5D33-465A-A702-920D77279786}") = "Client", "src\Client\Client.fsproj", "{2E226FC3-8A9D-4195-A467-E8CE192FE91B}"
EndProject
Project("{F2A71F9B-5D33-465A-A702-920D77279786}") = "Server", "src\Server\Server.fsproj", "{D34ABD6A-189A-4B57-8EFC-5E29C733B916}"
EndProject
Global
	GlobalSection(SolutionConfigurationPlatforms) = preSolution
		Debug|Any CPU = Debug|Any CPU
		Debug|x64 = Debug|x64
		Debug|x86 = Debug|x86
		Release|Any CPU = Release|Any CPU
		Release|x64 = Release|x64
		Release|x86 = Release|x86
	EndGlobalSection
	GlobalSection(SolutionProperties) = preSolution
		HideSolutionNode = FALSE
	EndGlobalSection
	GlobalSection(ProjectConfigurationPlatforms) = postSolution
		{C16D82AD-D98E-46C1-8CF4-EABE37FA5C0B}.Debug|Any CPU.ActiveCfg = Debug|Any CPU
		{C16D82AD-D98E-46C1-8CF4-EABE37FA5C0B}.Debug|Any CPU.Build.0 = Debug|Any CPU
		{C16D82AD-D98E-46C1-8CF4-EABE37FA5C0B}.Debug|x64.ActiveCfg = Debug|Any CPU
		{C16D82AD-D98E-46C1-8CF4-EABE37FA5C0B}.Debug|x64.Build.0 = Debug|Any CPU
		{C16D82AD-D98E-46C1-8CF4-EABE37FA5C0B}.Debug|x86.ActiveCfg = Debug|Any CPU
		{C16D82AD-D98E-46C1-8CF4-EABE37FA5C0B}.Debug|x86.Build.0 = Debug|Any CPU
		{C16D82AD-D98E-46C1-8CF4-EABE37FA5C0B}.Release|Any CPU.ActiveCfg = Release|Any CPU
		{C16D82AD-D98E-46C1-8CF4-EABE37FA5C0B}.Release|Any CPU.Build.0 = Release|Any CPU
		{C16D82AD-D98E-46C1-8CF4-EABE37FA5C0B}.Release|x64.ActiveCfg = Release|Any CPU
		{C16D82AD-D98E-46C1-8CF4-EABE37FA5C0B}.Release|x64.Build.0 = Release|Any CPU
		{C16D82AD-D98E-46C1-8CF4-EABE37FA5C0B}.Release|x86.ActiveCfg = Release|Any CPU
		{C16D82AD-D98E-46C1-8CF4-EABE37FA5C0B}.Release|x86.Build.0 = Release|Any CPU
		{2E226FC3-8A9D-4195-A467-E8CE192FE91B}.Debug|Any CPU.ActiveCfg = Debug|Any CPU
		{2E226FC3-8A9D-4195-A467-E8CE192FE91B}.Debug|Any CPU.Build.0 = Debug|Any CPU
		{2E226FC3-8A9D-4195-A467-E8CE192FE91B}.Debug|x64.ActiveCfg = Debug|Any CPU
		{2E226FC3-8A9D-4195-A467-E8CE192FE91B}.Debug|x64.Build.0 = Debug|Any CPU
		{2E226FC3-8A9D-4195-A467-E8CE192FE91B}.Debug|x86.ActiveCfg = Debug|Any CPU
		{2E226FC3-8A9D-4195-A467-E8CE192FE91B}.Debug|x86.Build.0 = Debug|Any CPU
		{2E226FC3-8A9D-4195-A467-E8CE192FE91B}.Release|Any CPU.ActiveCfg = Release|Any CPU
		{2E226FC3-8A9D-4195-A467-E8CE192FE91B}.Release|Any CPU.Build.0 = Release|Any CPU
		{2E226FC3-8A9D-4195-A467-E8CE192FE91B}.Release|x64.ActiveCfg = Release|Any CPU
		{2E226FC3-8A9D-4195-A467-E8CE192FE91B}.Release|x64.Build.0 = Release|Any CPU
		{2E226FC3-8A9D-4195-A467-E8CE192FE91B}.Release|x86.ActiveCfg = Release|Any CPU
		{2E226FC3-8A9D-4195-A467-E8CE192FE91B}.Release|x86.Build.0 = Release|Any CPU
		{D34ABD6A-189A-4B57-8EFC-5E29C733B916}.Debug|Any CPU.ActiveCfg = Debug|Any CPU
		{D34ABD6A-189A-4B57-8EFC-5E29C733B916}.Debug|Any CPU.Build.0 = Debug|Any CPU
		{D34ABD6A-189A-4B57-8EFC-5E29C733B916}.Debug|x64.ActiveCfg = Debug|Any CPU
		{D34ABD6A-189A-4B57-8EFC-5E29C733B916}.Debug|x64.Build.0 = Debug|Any CPU
		{D34ABD6A-189A-4B57-8EFC-5E29C733B916}.Debug|x86.ActiveCfg = Debug|Any CPU
		{D34ABD6A-189A-4B57-8EFC-5E29C733B916}.Debug|x86.Build.0 = Debug|Any CPU
		{D34ABD6A-189A-4B57-8EFC-5E29C733B916}.Release|Any CPU.ActiveCfg = Release|Any CPU
		{D34ABD6A-189A-4B57-8EFC-5E29C733B916}.Release|Any CPU.Build.0 = Release|Any CPU
		{D34ABD6A-189A-4B57-8EFC-5E29C733B916}.Release|x64.ActiveCfg = Release|Any CPU
		{D34ABD6A-189A-4B57-8EFC-5E29C733B916}.Release|x64.Build.0 = Release|Any CPU
		{D34ABD6A-189A-4B57-8EFC-5E29C733B916}.Release|x86.ActiveCfg = Release|Any CPU
		{D34ABD6A-189A-4B57-8EFC-5E29C733B916}.Release|x86.Build.0 = Release|Any CPU
	EndGlobalSection
	GlobalSection(NestedProjects) = preSolution
		{C16D82AD-D98E-46C1-8CF4-EABE37FA5C0B} = {C908C8F1-C5D6-435D-A085-D53331837D51}
		{2E226FC3-8A9D-4195-A467-E8CE192FE91B} = {C908C8F1-C5D6-435D-A085-D53331837D51}
		{D34ABD6A-189A-4B57-8EFC-5E29C733B916} = {C908C8F1-C5D6-435D-A085-D53331837D51}
	EndGlobalSection
EndGlobal
